// !$*UTF8*$!
{
	archiveVersion = 1;
	classes = {
	};
	objectVersion = 50;
	objects = {

/* Begin PBXBuildFile section */
		8BF05DC9304EB8BA00CFEA34 /* studyIOSApp.swift in Sources */ = {isa = PBXBuildFile; fileRef = 8BF05DC8304EB8BA00CFEA34 /* studyIOSApp.swift */; };
		8BF05DCB304EB8BA00CFEA34 /* ContentView.swift in Sources */ = {isa = PBXBuildFile; fileRef = 8BF05DCA304EB8BA00CFEA34 /* ContentView.swift */; };
		8BF05DCD304EB8BB00CFEA34 /* Assets.xcassets in Resources */ = {isa = PBXBuildFile; fileRef = 8BF05DCC304EB8BB00CFEA34 /* Assets.xcassets */; };
		8BF05DD0304EB8BB00CFEA34 /* Preview Assets.xcassets in Resources */ = {isa = PBXBuildFile; fileRef = 8BF05DCF304EB8BB00CFEA34 /* Preview Assets.xcassets */; };
		8BF05DDB304EB8BB00CFEA34 /* studyIOSTests.swift in Sources */ = {isa = PBXBuildFile; fileRef = 8BF05DDA304EB8BB00CFEA34 /* studyIOSTests.swift */; };
		8BF05DE6304EB8BB00CFEA34 /* studyIOSUITests.swift in Sources */ = {isa = PBXBuildFile; fileRef = 8BF05DE5304EB8BB00CFEA34 /* studyIOSUITests.swift */; };
		8BF05DF7304EBE5300CFEA34 /* UtilsStudy.swift in Sources */ = {isa = PBXBuildFile; fileRef = 8BF05DF6304EBE5300CFEA34 /* UtilsStudy.swift */; };
		8BF05DFF304EF72500CFEA34 /* data.swift in Sources */ = {isa = PBXBuildFile; fileRef = 8BF05DFE304EF72500CFEA34 /* data.swift */; };
/* End PBXBuildFile section */

/* Begin PBXContainerItemProxy section */
		8BF05DD7304EB8BB00CFEA34 /* PBXContainerItemProxy */ = {
			isa = PBXContainerItemProxy;
			containerPortal = 8BF05DBD304EB8BA00CFEA34 /* Project object */;
			proxyType = 1;
			remoteGlobalIDString = 8BF05DC4304EB8BA00CFEA34;
			remoteInfo = studyIOS;
		};
		8BF05DE2304EB8BB00CFEA34 /* PBXContainerItemProxy */ = {
			isa = PBXContainerItemProxy;
			containerPortal = 8BF05DBD304EB8BA00CFEA34 /* Project object */;
			proxyType = 1;
			remoteGlobalIDString = 8BF05DC4304EB8BA00CFEA34;
			remoteInfo = studyIOS;
		};
/* End PBXContainerItemProxy section */

/* Begin PBXFileReference section */
		8BF05DC5304EB8BA00CFEA34 /* studyIOS.app */ = {isa = PBXFileReference; explicitFileType = wrapper.application; includeInIndex = 0; path = studyIOS.app; sourceTree = BUILT_PRODUCTS_DIR; };
		8BF05DC8304EB8BA00CFEA34 /* studyIOSApp.swift */ = {isa = PBXFileReference; lastKnownFileType = sourcecode.swift; path = studyIOSApp.swift; sourceTree = "<group>"; };
		8BF05DCA304EB8BA00CFEA34 /* ContentView.swift */ = {isa = PBXFileReference; lastKnownFileType = sourcecode.swift; path = ContentView.swift; sourceTree = "<group>"; };
		8BF05DCC304EB8BB00CFEA34 /* Assets.xcassets */ = {isa = PBXFileReference; lastKnownFileType = folder.assetcatalog; path = Assets.xcassets; sourceTree = "<group>"; };
		8BF05DCF304EB8BB00CFEA34 /* Preview Assets.xcassets */ = {isa = PBXFileReference; lastKnownFileType = folder.assetcatalog; path = "Preview Assets.xcassets"; sourceTree = "<group>"; };
		8BF05DD1304EB8BB00CFEA34 /* Info.plist */ = {isa = PBXFileReference; lastKnownFileType = text.plist.xml; path = Info.plist; sourceTree = "<group>"; };
		8BF05DD6304EB8BB00CFEA34 /* studyIOSTests.xctest */ = {isa = PBXFileReference; explicitFileType = wrapper.cfbundle; includeInIndex = 0; path = studyIOSTests.xctest; sourceTree = BUILT_PRODUCTS_DIR; };
		8BF05DDA304EB8BB00CFEA34 /* studyIOSTests.swift */ = {isa = PBXFileReference; lastKnownFileType = sourcecode.swift; path = studyIOSTests.swift; sourceTree = "<group>"; };
		8BF05DDC304EB8BB00CFEA34 /* Info.plist */ = {isa = PBXFileReference; lastKnownFileType = text.plist.xml; path = Info.plist; sourceTree = "<group>"; };
		8BF05DE1304EB8BB00CFEA34 /* studyIOSUITests.xctest */ = {isa = PBXFileReference; explicitFileType = wrapper.cfbundle; includeInIndex = 0; path = studyIOSUITests.xctest; sourceTree = BUILT_PRODUCTS_DIR; };
		8BF05DE5304EB8BB00CFEA34 /* studyIOSUITests.swift */ = {isa = PBXFileReference; lastKnownFileType = sourcecode.swift; path = studyIOSUITests.swift; sourceTree = "<group>"; };
		8BF05DE7304EB8BB00CFEA34 /* Info.plist */ = {isa = PBXFileReference; lastKnownFileType = text.plist.xml; path = Info.plist; sourceTree = "<group>"; };
		8BF05DF6304EBE5300CFEA34 /* UtilsStudy.swift */ = {isa = PBXFileReference; lastKnownFileType = sourcecode.swift; path = UtilsStudy.swift; sourceTree = "<group>"; };
		8BF05DFE304EF72500CFEA34 /* data.swift */ = {isa = PBXFileReference; lastKnownFileType = sourcecode.swift; path = data.swift; sourceTree = "<group>"; };
/* End PBXFileReference section */

/* Begin PBXFrameworksBuildPhase section */
		8BF05DC2304EB8BA00CFEA34 /* Frameworks */ = {
			isa = PBXFrameworksBuildPhase;
			buildActionMask = 2147483647;
			files = (
			);
			runOnlyForDeploymentPostprocessing = 0;
		};
		8BF05DD3304EB8BB00CFEA34 /* Frameworks */ = {
			isa = PBXFrameworksBuildPhase;
			buildActionMask = 2147483647;
			files = (
			);
			runOnlyForDeploymentPostprocessing = 0;
		};
		8BF05DDE304EB8BB00CFEA34 /* Frameworks */ = {
			isa = PBXFrameworksBuildPhase;
			buildActionMask = 2147483647;
			files = (
			);
			runOnlyForDeploymentPostprocessing = 0;
		};
/* End PBXFrameworksBuildPhase section */

/* Begin PBXGroup section */
		8BF05DBC304EB8BA00CFEA34 = {
			isa = PBXGroup;
			children = (
				8BF05DC7304EB8BA00CFEA34 /* studyIOS */,
				8BF05DD9304EB8BB00CFEA34 /* studyIOSTests */,
				8BF05DE4304EB8BB00CFEA34 /* studyIOSUITests */,
				8BF05DC6304EB8BA00CFEA34 /* Products */,
			);
			sourceTree = "<group>";
		};
		8BF05DC6304EB8BA00CFEA34 /* Products */ = {
			isa = PBXGroup;
			children = (
				8BF05DC5304EB8BA00CFEA34 /* studyIOS.app */,
				8BF05DD6304EB8BB00CFEA34 /* studyIOSTests.xctest */,
				8BF05DE1304EB8BB00CFEA34 /* studyIOSUITests.xctest */,
			);
			name = Products;
			sourceTree = "<group>";
		};
		8BF05DC7304EB8BA00CFEA34 /* studyIOS */ = {
			isa = PBXGroup;
			children = (
				8BF05DC8304EB8BA00CFEA34 /* studyIOSApp.swift */,
				8BF05DCA304EB8BA00CFEA34 /* ContentView.swift */,
				8BF05DCC304EB8BB00CFEA34 /* Assets.xcassets */,
				8BF05DD1304EB8BB00CFEA34 /* Info.plist */,
				8BF05DCE304EB8BB00CFEA34 /* Preview Content */,
				8BF05DF6304EBE5300CFEA34 /* UtilsStudy.swift */,
				8BF05DFE304EF72500CFEA34 /* data.swift */,
			);
			path = studyIOS;
			sourceTree = "<group>";
		};
		8BF05DCE304EB8BB00CFEA34 /* Preview Content */ = {
			isa = PBXGroup;
			children = (
				8BF05DCF304EB8BB00CFEA34 /* Preview Assets.xcassets */,
			);
			path = "Preview Content";
			sourceTree = "<group>";
		};
		8BF05DD9304EB8BB00CFEA34 /* studyIOSTests */ = {
			isa = PBXGroup;
			children = (
				8BF05DDA304EB8BB00CFEA34 /* studyIOSTests.swift */,
				8BF05DDC304EB8BB00CFEA34 /* Info.plist */,
			);
			path = studyIOSTests;
			sourceTree = "<group>";
		};
		8BF05DE4304EB8BB00CFEA34 /* studyIOSUITests */ = {
			isa = PBXGroup;
			children = (
				8BF05DE5304EB8BB00CFEA34 /* studyIOSUITests.swift */,
				8BF05DE7304EB8BB00CFEA34 /* Info.plist */,
			);
			path = studyIOSUITests;
			sourceTree = "<group>";
		};
/* End PBXGroup section */

/* Begin PBXNativeTarget section */
		8BF05DC4304EB8BA00CFEA34 /* studyIOS */ = {
			isa = PBXNativeTarget;
			buildConfigurationList = 8BF05DEA304EB8BB00CFEA34 /* Build configuration list for PBXNativeTarget "studyIOS" */;
			buildPhases = (
				8BF05DC1304EB8BA00CFEA34 /* Sources */,
				8BF05DC2304EB8BA00CFEA34 /* Frameworks */,
				8BF05DC3304EB8BA00CFEA34 /* Resources */,
			);
			buildRules = (
			);
			dependencies = (
			);
			name = studyIOS;
			productName = studyIOS;
			productReference = 8BF05DC5304EB8BA00CFEA34 /* studyIOS.app */;
			productType = "com.apple.product-type.application";
		};
		8BF05DD5304EB8BB00CFEA34 /* studyIOSTests */ = {
			isa = PBXNativeTarget;
			buildConfigurationList = 8BF05DED304EB8BB00CFEA34 /* Build configuration list for PBXNativeTarget "studyIOSTests" */;
			buildPhases = (
				8BF05DD2304EB8BB00CFEA34 /* Sources */,
				8BF05DD3304EB8BB00CFEA34 /* Frameworks */,
				8BF05DD4304EB8BB00CFEA34 /* Resources */,
			);
			buildRules = (
			);
			dependencies = (
				8BF05DD8304EB8BB00CFEA34 /* PBXTargetDependency */,
			);
			name = studyIOSTests;
			productName = studyIOSTests;
			productReference = 8BF05DD6304EB8BB00CFEA34 /* studyIOSTests.xctest */;
			productType = "com.apple.product-type.bundle.unit-test";
		};
		8BF05DE0304EB8BB00CFEA34 /* studyIOSUITests */ = {
			isa = PBXNativeTarget;
			buildConfigurationList = 8BF05DF0304EB8BB00CFEA34 /* Build configuration list for PBXNativeTarget "studyIOSUITests" */;
			buildPhases = (
				8BF05DDD304EB8BB00CFEA34 /* Sources */,
				8BF05DDE304EB8BB00CFEA34 /* Frameworks */,
				8BF05DDF304EB8BB00CFEA34 /* Resources */,
			);
			buildRules = (
			);
			dependencies = (
				8BF05DE3304EB8BB00CFEA34 /* PBXTargetDependency */,
			);
			name = studyIOSUITests;
			productName = studyIOSUITests;
			productReference = 8BF05DE1304EB8BB00CFEA34 /* studyIOSUITests.xctest */;
			productType = "com.apple.product-type.bundle.ui-testing";
		};
/* End PBXNativeTarget section */

/* Begin PBXProject section */
		8BF05DBD304EB8BA00CFEA34 /* Project object */ = {
			isa = PBXProject;
			attributes = {
				LastSwiftUpdateCheck = 1200;
				LastUpgradeCheck = 1200;
				TargetAttributes = {
					8BF05DC4304EB8BA00CFEA34 = {
						CreatedOnToolsVersion = 12.0;
					};
					8BF05DD5304EB8BB00CFEA34 = {
						CreatedOnToolsVersion = 12.0;
						TestTargetID = 8BF05DC4304EB8BA00CFEA34;
					};
					8BF05DE0304EB8BB00CFEA34 = {
						CreatedOnToolsVersion = 12.0;
						TestTargetID = 8BF05DC4304EB8BA00CFEA34;
					};
				};
			};
			buildConfigurationList = 8BF05DC0304EB8BA00CFEA34 /* Build configuration list for PBXProject "studyIOS" */;
			compatibilityVersion = "Xcode 9.3";
			developmentRegion = en;
			hasScannedForEncodings = 0;
			knownRegions = (
				en,
				Base,
			);
			mainGroup = 8BF05DBC304EB8BA00CFEA34;
			productRefGroup = 8BF05DC6304EB8BA00CFEA34 /* Products */;
			projectDirPath = "";
			projectRoot = "";
			targets = (
				8BF05DC4304EB8BA00CFEA34 /* studyIOS */,
				8BF05DD5304EB8BB00CFEA34 /* studyIOSTests */,
				8BF05DE0304EB8BB00CFEA34 /* studyIOSUITests */,
			);
		};
/* End PBXProject section */

/* Begin PBXResourcesBuildPhase section */
		8BF05DC3304EB8BA00CFEA34 /* Resources */ = {
			isa = PBXResourcesBuildPhase;
			buildActionMask = 2147483647;
			files = (
				8BF05DD0304EB8BB00CFEA34 /* Preview Assets.xcassets in Resources */,
				8BF05DCD304EB8BB00CFEA34 /* Assets.xcassets in Resources */,
			);
			runOnlyForDeploymentPostprocessing = 0;
		};
		8BF05DD4304EB8BB00CFEA34 /* Resources */ = {
			isa = PBXResourcesBuildPhase;
			buildActionMask = 2147483647;
			files = (
			);
			runOnlyForDeploymentPostprocessing = 0;
		};
		8BF05DDF304EB8BB00CFEA34 /* Resources */ = {
			isa = PBXResourcesBuildPhase;
			buildActionMask = 2147483647;
			files = (
			);
			runOnlyForDeploymentPostprocessing = 0;
		};
/* End PBXResourcesBuildPhase section */

/* Begin PBXSourcesBuildPhase section */
		8BF05DC1304EB8BA00CFEA34 /* Sources */ = {
			isa = PBXSourcesBuildPhase;
			buildActionMask = 2147483647;
			files = (
				8BF05DCB304EB8BA00CFEA34 /* ContentView.swift in Sources */,
				8BF05DC9304EB8BA00CFEA34 /* studyIOSApp.swift in Sources */,
				8BF05DF7304EBE5300CFEA34 /* UtilsStudy.swift in Sources */,
				8BF05DFF304EF72500CFEA34 /* data.swift in Sources */,
			);
			runOnlyForDeploymentPostprocessing = 0;
		};
		8BF05DD2304EB8BB00CFEA34 /* Sources */ = {
			isa = PBXSourcesBuildPhase;
			buildActionMask = 2147483647;
			files = (
				8BF05DDB304EB8BB00CFEA34 /* studyIOSTests.swift in Sources */,
			);
			runOnlyForDeploymentPostprocessing = 0;
		};
		8BF05DDD304EB8BB00CFEA34 /* Sources */ = {
			isa = PBXSourcesBuildPhase;
			buildActionMask = 2147483647;
			files = (
				8BF05DE6304EB8BB00CFEA34 /* studyIOSUITests.swift in Sources */,
			);
			runOnlyForDeploymentPostprocessing = 0;
		};
/* End PBXSourcesBuildPhase section */

/* Begin PBXTargetDependency section */
		8BF05DD8304EB8BB00CFEA34 /* PBXTargetDependency */ = {
			isa = PBXTargetDependency;
			target = 8BF05DC4304EB8BA00CFEA34 /* studyIOS */;
			targetProxy = 8BF05DD7304EB8BB00CFEA34 /* PBXContainerItemProxy */;
		};
		8BF05DE3304EB8BB00CFEA34 /* PBXTargetDependency */ = {
			isa = PBXTargetDependency;
			target = 8BF05DC4304EB8BA00CFEA34 /* studyIOS */;
			targetProxy = 8BF05DE2304EB8BB00CFEA34 /* PBXContainerItemProxy */;
		};
/* End PBXTargetDependency section */

/* Begin XCBuildConfiguration section */
		8BF05DE8304EB8BB00CFEA34 /* Debug */ = {
			isa = XCBuildConfiguration;
			buildSettings = {
				ALWAYS_SEARCH_USER_PATHS = NO;
				CLANG_ANALYZER_NONNULL = YES;
				CLANG_ANALYZER_NUMBER_OBJECT_CONVERSION = YES_AGGRESSIVE;
				CLANG_CXX_LANGUAGE_STANDARD = "gnu++14";
				CLANG_CXX_LIBRARY = "libc++";
				CLANG_ENABLE_MODULES = YES;
				CLANG_ENABLE_OBJC_ARC = YES;
				CLANG_ENABLE_OBJC_WEAK = YES;
				CLANG_WARN_BLOCK_CAPTURE_AUTORELEASING = YES;
				CLANG_WARN_BOOL_CONVERSION = YES;
				CLANG_WARN_COMMA = YES;
				CLANG_WARN_CONSTANT_CONVERSION = YES;
				CLANG_WARN_DEPRECATED_OBJC_IMPLEMENTATIONS = YES;
				CLANG_WARN_DIRECT_OBJC_ISA_USAGE = YES_ERROR;
				CLANG_WARN_DOCUMENTATION_COMMENTS = YES;
				CLANG_WARN_EMPTY_BODY = YES;
				CLANG_WARN_ENUM_CONVERSION = YES;
				CLANG_WARN_INFINITE_RECURSION = YES;
				CLANG_WARN_INT_CONVERSION = YES;
				CLANG_WARN_NON_LITERAL_NULL_CONVERSION = YES;
				CLANG_WARN_OBJC_IMPLICIT_RETAIN_SELF = YES;
				CLANG_WARN_OBJC_LITERAL_CONVERSION = YES;
				CLANG_WARN_OBJC_ROOT_CLASS = YES_ERROR;
				CLANG_WARN_QUOTED_INCLUDE_IN_FRAMEWORK_HEADER = YES;
				CLANG_WARN_RANGE_LOOP_ANALYSIS = YES;
				CLANG_WARN_STRICT_PROTOTYPES = YES;
				CLANG_WARN_SUSPICIOUS_MOVE = YES;
				CLANG_WARN_UNGUARDED_AVAILABILITY = YES_AGGRESSIVE;
				CLANG_WARN_UNREACHABLE_CODE = YES;
				CLANG_WARN__DUPLICATE_METHOD_MATCH = YES;
				COPY_PHASE_STRIP = NO;
				DEBUG_INFORMATION_FORMAT = dwarf;
				ENABLE_STRICT_OBJC_MSGSEND = YES;
				ENABLE_TESTABILITY = YES;
				GCC_C_LANGUAGE_STANDARD = gnu11;
				GCC_DYNAMIC_NO_PIC = NO;
				GCC_NO_COMMON_BLOCKS = YES;
				GCC_OPTIMIZATION_LEVEL = 0;
				GCC_PREPROCESSOR_DEFINITIONS = (
					"DEBUG=1",
					"$(inherited)",
				);
				GCC_WARN_64_TO_32_BIT_CONVERSION = YES;
				GCC_WARN_ABOUT_RETURN_TYPE = YES_ERROR;
				GCC_WARN_UNDECLARED_SELECTOR = YES;
				GCC_WARN_UNINITIALIZED_AUTOS = YES_AGGRESSIVE;
				GCC_WARN_UNUSED_FUNCTION = YES;
				GCC_WARN_UNUSED_VARIABLE = YES;
				IPHONEOS_DEPLOYMENT_TARGET = 14.0;
				MTL_ENABLE_DEBUG_INFO = INCLUDE_SOURCE;
				MTL_FAST_MATH = YES;
				ONLY_ACTIVE_ARCH = YES;
				SDKROOT = iphoneos;
				SWIFT_ACTIVE_COMPILATION_CONDITIONS = DEBUG;
				SWIFT_OPTIMIZATION_LEVEL = "-Onone";
			};
			name = Debug;
		};
		8BF05DE9304EB8BB00CFEA34 /* Release */ = {
			isa = XCBuildConfiguration;
			buildSettings = {
				ALWAYS_SEARCH_USER_PATHS = NO;
				CLANG_ANALYZER_NONNULL = YES;
				CLANG_ANALYZER_NUMBER_OBJECT_CONVERSION = YES_AGGRESSIVE;
				CLANG_CXX_LANGUAGE_STANDARD = "gnu++14";
				CLANG_CXX_LIBRARY = "libc++";
				CLANG_ENABLE_MODULES = YES;
				CLANG_ENABLE_OBJC_ARC = YES;
				CLANG_ENABLE_OBJC_WEAK = YES;
				CLANG_WARN_BLOCK_CAPTURE_AUTORELEASING = YES;
				CLANG_WARN_BOOL_CONVERSION = YES;
				CLANG_WARN_COMMA = YES;
				CLANG_WARN_CONSTANT_CONVERSION = YES;
				CLANG_WARN_DEPRECATED_OBJC_IMPLEMENTATIONS = YES;
				CLANG_WARN_DIRECT_OBJC_ISA_USAGE = YES_ERROR;
				CLANG_WARN_DOCUMENTATION_COMMENTS = YES;
				CLANG_WARN_EMPTY_BODY = YES;
				CLANG_WARN_ENUM_CONVERSION = YES;
				CLANG_WARN_INFINITE_RECURSION = YES;
				CLANG_WARN_INT_CONVERSION = YES;
				CLANG_WARN_NON_LITERAL_NULL_CONVERSION = YES;
				CLANG_WARN_OBJC_IMPLICIT_RETAIN_SELF = YES;
				CLANG_WARN_OBJC_LITERAL_CONVERSION = YES;
				CLANG_WARN_OBJC_ROOT_CLASS = YES_ERROR;
				CLANG_WARN_QUOTED_INCLUDE_IN_FRAMEWORK_HEADER = YES;
				CLANG_WARN_RANGE_LOOP_ANALYSIS = YES;
				CLANG_WARN_STRICT_PROTOTYPES = YES;
				CLANG_WARN_SUSPICIOUS_MOVE = YES;
				CLANG_WARN_UNGUARDED_AVAILABILITY = YES_AGGRESSIVE;
				CLANG_WARN_UNREACHABLE_CODE = YES;
				CLANG_WARN__DUPLICATE_METHOD_MATCH = YES;
				COPY_PHASE_STRIP = NO;
				DEBUG_INFORMATION_FORMAT = "dwarf-with-dsym";
				ENABLE_NS_ASSERTIONS = NO;
				ENABLE_STRICT_OBJC_MSGSEND = YES;
				GCC_C_LANGUAGE_STANDARD = gnu11;
				GCC_NO_COMMON_BLOCKS = YES;
				GCC_WARN_64_TO_32_BIT_CONVERSION = YES;
				GCC_WARN_ABOUT_RETURN_TYPE = YES_ERROR;
				GCC_WARN_UNDECLARED_SELECTOR = YES;
				GCC_WARN_UNINITIALIZED_AUTOS = YES_AGGRESSIVE;
				GCC_WARN_UNUSED_FUNCTION = YES;
				GCC_WARN_UNUSED_VARIABLE = YES;
				IPHONEOS_DEPLOYMENT_TARGET = 14.0;
				MTL_ENABLE_DEBUG_INFO = NO;
				MTL_FAST_MATH = YES;
				SDKROOT = iphoneos;
				SWIFT_COMPILATION_MODE = wholemodule;
				SWIFT_OPTIMIZATION_LEVEL = "-O";
				VALIDATE_PRODUCT = YES;
			};
			name = Release;
		};
		8BF05DEB304EB8BB00CFEA34 /* Debug */ = {
			isa = XCBuildConfiguration;
			buildSettings = {
				ASSETCATALOG_COMPILER_APPICON_NAME = AppIcon;
				ASSETCATALOG_COMPILER_GLOBAL_ACCENT_COLOR_NAME = AccentColor;
				CODE_SIGN_STYLE = Automatic;
				DEVELOPMENT_ASSET_PATHS = "\"studyIOS/Preview Content\"";
				ENABLE_PREVIEWS = YES;
				INFOPLIST_FILE = studyIOS/Info.plist;
				IPHONEOS_DEPLOYMENT_TARGET = 14.0;
				LD_RUNPATH_SEARCH_PATHS = (
					"$(inherited)",
					"@executable_path/Frameworks",
				);
				PRODUCT_BUNDLE_IDENTIFIER = study.studyIOS;
				PRODUCT_NAME = "$(TARGET_NAME)";
				SWIFT_VERSION = 5.0;
				TARGETED_DEVICE_FAMILY = "1,2";
			};
			name = Debug;
		};
		8BF05DEC304EB8BB00CFEA34 /* Release */ = {
			isa = XCBuildConfiguration;
			buildSettings = {
				ASSETCATALOG_COMPILER_APPICON_NAME = AppIcon;
				ASSETCATALOG_COMPILER_GLOBAL_ACCENT_COLOR_NAME = AccentColor;
				CODE_SIGN_STYLE = Automatic;
				DEVELOPMENT_ASSET_PATHS = "\"studyIOS/Preview Content\"";
				ENABLE_PREVIEWS = YES;
				INFOPLIST_FILE = studyIOS/Info.plist;
				IPHONEOS_DEPLOYMENT_TARGET = 14.0;
				LD_RUNPATH_SEARCH_PATHS = (
					"$(inherited)",
					"@executable_path/Frameworks",
				);
				PRODUCT_BUNDLE_IDENTIFIER = study.studyIOS;
				PRODUCT_NAME = "$(TARGET_NAME)";
				SWIFT_VERSION = 5.0;
				TARGETED_DEVICE_FAMILY = "1,2";
			};
			name = Release;
		};
		8BF05DEE304EB8BB00CFEA34 /* Debug */ = {
			isa = XCBuildConfiguration;
			buildSettings = {
				ALWAYS_EMBED_SWIFT_STANDARD_LIBRARIES = YES;
				BUNDLE_LOADER = "$(TEST_HOST)";
				CODE_SIGN_STYLE = Automatic;
				INFOPLIST_FILE = studyIOSTests/Info.plist;
				IPHONEOS_DEPLOYMENT_TARGET = 14.0;
				LD_RUNPATH_SEARCH_PATHS = (
					"$(inherited)",
					"@executable_path/Frameworks",
					"@loader_path/Frameworks",
				);
				PRODUCT_BUNDLE_IDENTIFIER = study.studyIOSTests;
				PRODUCT_NAME = "$(TARGET_NAME)";
				SWIFT_VERSION = 5.0;
				TARGETED_DEVICE_FAMILY = "1,2";
				TEST_HOST = "$(BUILT_PRODUCTS_DIR)/studyIOS.app/studyIOS";
			};
			name = Debug;
		};
		8BF05DEF304EB8BB00CFEA34 /* Release */ = {
			isa = XCBuildConfiguration;
			buildSettings = {
				ALWAYS_EMBED_SWIFT_STANDARD_LIBRARIES = YES;
				BUNDLE_LOADER = "$(TEST_HOST)";
				CODE_SIGN_STYLE = Automatic;
				INFOPLIST_FILE = studyIOSTests/Info.plist;
				IPHONEOS_DEPLOYMENT_TARGET = 14.0;
				LD_RUNPATH_SEARCH_PATHS = (
					"$(inherited)",
					"@executable_path/Frameworks",
					"@loader_path/Frameworks",
				);
				PRODUCT_BUNDLE_IDENTIFIER = study.studyIOSTests;
				PRODUCT_NAME = "$(TARGET_NAME)";
				SWIFT_VERSION = 5.0;
				TARGETED_DEVICE_FAMILY = "1,2";
				TEST_HOST = "$(BUILT_PRODUCTS_DIR)/studyIOS.app/studyIOS";
			};
			name = Release;
		};
		8BF05DF1304EB8BB00CFEA34 /* Debug */ = {
			isa = XCBuildConfiguration;
			buildSettings = {
				ALWAYS_EMBED_SWIFT_STANDARD_LIBRARIES = YES;
				CODE_SIGN_STYLE = Automatic;
				INFOPLIST_FILE = studyIOSUITests/Info.plist;
				LD_RUNPATH_SEARCH_PATHS = (
					"$(inherited)",
					"@executable_path/Frameworks",
					"@loader_path/Frameworks",
				);
				PRODUCT_BUNDLE_IDENTIFIER = study.studyIOSUITests;
				PRODUCT_NAME = "$(TARGET_NAME)";
				SWIFT_VERSION = 5.0;
				TARGETED_DEVICE_FAMILY = "1,2";
				TEST_TARGET_NAME = studyIOS;
			};
			name = Debug;
		};
		8BF05DF2304EB8BB00CFEA34 /* Release */ = {
			isa = XCBuildConfiguration;
			buildSettings = {
				ALWAYS_EMBED_SWIFT_STANDARD_LIBRARIES = YES;
				CODE_SIGN_STYLE = Automatic;
				INFOPLIST_FILE = studyIOSUITests/Info.plist;
				LD_RUNPATH_SEARCH_PATHS = (
					"$(inherited)",
					"@executable_path/Frameworks",
					"@loader_path/Frameworks",
				);
				PRODUCT_BUNDLE_IDENTIFIER = study.studyIOSUITests;
				PRODUCT_NAME = "$(TARGET_NAME)";
				SWIFT_VERSION = 5.0;
				TARGETED_DEVICE_FAMILY = "1,2";
				TEST_TARGET_NAME = studyIOS;
			};
			name = Release;
		};
/* End XCBuildConfiguration section */

/* Begin XCConfigurationList section */
		8BF05DC0304EB8BA00CFEA34 /* Build configuration list for PBXProject "studyIOS" */ = {
			isa = XCConfigurationList;
			buildConfigurations = (
				8BF05DE8304EB8BB00CFEA34 /* Debug */,
				8BF05DE9304EB8BB00CFEA34 /* Release */,
			);
			defaultConfigurationIsVisible = 0;
			defaultConfigurationName = Release;
		};
		8BF05DEA304EB8BB00CFEA34 /* Build configuration list for PBXNativeTarget "studyIOS" */ = {
			isa = XCConfigurationList;
			buildConfigurations = (
				8BF05DEB304EB8BB00CFEA34 /* Debug */,
				8BF05DEC304EB8BB00CFEA34 /* Release */,
			);
			defaultConfigurationIsVisible = 0;
			defaultConfigurationName = Release;
		};
		8BF05DED304EB8BB00CFEA34 /* Build configuration list for PBXNativeTarget "studyIOSTests" */ = {
			isa = XCConfigurationList;
			buildConfigurations = (
				8BF05DEE304EB8BB00CFEA34 /* Debug */,
				8BF05DEF304EB8BB00CFEA34 /* Release */,
			);
			defaultConfigurationIsVisible = 0;
			defaultConfigurationName = Release;
		};
		8BF05DF0304EB8BB00CFEA34 /* Build configuration list for PBXNativeTarget "studyIOSUITests" */ = {
			isa = XCConfigurationList;
			buildConfigurations = (
				8BF05DF1304EB8BB00CFEA34 /* Debug */,
				8BF05DF2304EB8BB00CFEA34 /* Release */,
			);
			defaultConfigurationIsVisible = 0;
			defaultConfigurationName = Release;
		};
/* End XCConfigurationList section */
	};
	rootObject = 8BF05DBD304EB8BA00CFEA34 /* Project object */;
}
